
Microsoft Visual Studio Solution File, Format Version 12.00
# Visual Studio Version 16
VisualStudioVersion = 16.0.30621.155
MinimumVisualStudioVersion = 10.0.40219.1
Project("{FAE04EC0-301F-11D3-BF4B-00C04F79EFBC}") = "CountSortedVowelStrings", "CountSortedVowelStrings.csproj", "{C43C2278-9A62-4748-ABAE-7322CE9C4B29}"
EndProject
Global
	GlobalSection(SolutionConfigurationPlatforms) = preSolution
		Debug|Any CPU = Debug|Any CPU
		Release|Any CPU = Release|Any CPU
	EndGlobalSection
	GlobalSection(ProjectConfigurationPlatforms) = postSolution
		{C43C2278-9A62-4748-ABAE-7322CE9C4B29}.Debug|Any CPU.ActiveCfg = Debug|Any CPU
		{C43C2278-9A62-4748-ABAE-7322CE9C4B29}.Debug|Any CPU.Build.0 = Debug|Any CPU
		{C43C2278-9A62-4748-ABAE-7322CE9C4B29}.Release|Any CPU.ActiveCfg = Release|Any CPU
		{C43C2278-9A62-4748-ABAE-7322CE9C4B29}.Release|Any CPU.Build.0 = Release|Any CPU
	EndGlobalSection
	GlobalSection(SolutionProperties) = preSolution
		HideSolutionNode = FALSE
	EndGlobalSection
	GlobalSection(ExtensibilityGlobals) = postSolution
		SolutionGuid = {2F1D3AA2-C356-4DA3-A8A4-F206123D52C7}
	EndGlobalSection
EndGlobal
