
Microsoft Visual Studio Solution File, Format Version 12.00
# Visual Studio Version 16
VisualStudioVersion = 16.0.30804.86
MinimumVisualStudioVersion = 10.0.40219.1
Project("{FAE04EC0-301F-11D3-BF4B-00C04F79EFBC}") = "FunnyString", "FunnyString.csproj", "{B9760103-7475-4F8E-B809-4F85407031F4}"
EndProject
Global
	GlobalSection(SolutionConfigurationPlatforms) = preSolution
		Debug|Any CPU = Debug|Any CPU
		Release|Any CPU = Release|Any CPU
	EndGlobalSection
	GlobalSection(ProjectConfigurationPlatforms) = postSolution
		{B9760103-7475-4F8E-B809-4F85407031F4}.Debug|Any CPU.ActiveCfg = Debug|Any CPU
		{B9760103-7475-4F8E-B809-4F85407031F4}.Debug|Any CPU.Build.0 = Debug|Any CPU
		{B9760103-7475-4F8E-B809-4F85407031F4}.Release|Any CPU.ActiveCfg = Release|Any CPU
		{B9760103-7475-4F8E-B809-4F85407031F4}.Release|Any CPU.Build.0 = Release|Any CPU
	EndGlobalSection
	GlobalSection(SolutionProperties) = preSolution
		HideSolutionNode = FALSE
	EndGlobalSection
	GlobalSection(ExtensibilityGlobals) = postSolution
		SolutionGuid = {B12285E6-5221-48AA-83D4-EBE48188DA24}
	EndGlobalSection
EndGlobal
