
Microsoft Visual Studio Solution File, Format Version 12.00
# Visual Studio Version 16
VisualStudioVersion = 16.0.30804.86
MinimumVisualStudioVersion = 10.0.40219.1
Project("{FAE04EC0-301F-11D3-BF4B-00C04F79EFBC}") = "ApplesEaten", "ApplesEaten\ApplesEaten.csproj", "{8A1C9645-3668-48B4-B222-DA0CF71F34F5}"
EndProject
Global
	GlobalSection(SolutionConfigurationPlatforms) = preSolution
		Debug|Any CPU = Debug|Any CPU
		Release|Any CPU = Release|Any CPU
	EndGlobalSection
	GlobalSection(ProjectConfigurationPlatforms) = postSolution
		{8A1C9645-3668-48B4-B222-DA0CF71F34F5}.Debug|Any CPU.ActiveCfg = Debug|Any CPU
		{8A1C9645-3668-48B4-B222-DA0CF71F34F5}.Debug|Any CPU.Build.0 = Debug|Any CPU
		{8A1C9645-3668-48B4-B222-DA0CF71F34F5}.Release|Any CPU.ActiveCfg = Release|Any CPU
		{8A1C9645-3668-48B4-B222-DA0CF71F34F5}.Release|Any CPU.Build.0 = Release|Any CPU
	EndGlobalSection
	GlobalSection(SolutionProperties) = preSolution
		HideSolutionNode = FALSE
	EndGlobalSection
	GlobalSection(ExtensibilityGlobals) = postSolution
		SolutionGuid = {440763E3-14F4-46CE-9C99-8E3E1E2742E6}
	EndGlobalSection
EndGlobal
