
Microsoft Visual Studio Solution File, Format Version 12.00
# Visual Studio Version 16
VisualStudioVersion = 16.0.30804.86
MinimumVisualStudioVersion = 10.0.40219.1
Project("{FAE04EC0-301F-11D3-BF4B-00C04F79EFBC}") = "TuplesOfSameProduct", "TuplesOfSameProduct\TuplesOfSameProduct.csproj", "{F9B8C5AB-B93B-4382-B667-14643B61AAEB}"
EndProject
Global
	GlobalSection(SolutionConfigurationPlatforms) = preSolution
		Debug|Any CPU = Debug|Any CPU
		Release|Any CPU = Release|Any CPU
	EndGlobalSection
	GlobalSection(ProjectConfigurationPlatforms) = postSolution
		{F9B8C5AB-B93B-4382-B667-14643B61AAEB}.Debug|Any CPU.ActiveCfg = Debug|Any CPU
		{F9B8C5AB-B93B-4382-B667-14643B61AAEB}.Debug|Any CPU.Build.0 = Debug|Any CPU
		{F9B8C5AB-B93B-4382-B667-14643B61AAEB}.Release|Any CPU.ActiveCfg = Release|Any CPU
		{F9B8C5AB-B93B-4382-B667-14643B61AAEB}.Release|Any CPU.Build.0 = Release|Any CPU
	EndGlobalSection
	GlobalSection(SolutionProperties) = preSolution
		HideSolutionNode = FALSE
	EndGlobalSection
	GlobalSection(ExtensibilityGlobals) = postSolution
		SolutionGuid = {0F93895B-DC07-4D7B-9525-0EC5CBF278CE}
	EndGlobalSection
EndGlobal
