
Microsoft Visual Studio Solution File, Format Version 12.00
# Visual Studio Version 16
VisualStudioVersion = 16.0.30413.136
MinimumVisualStudioVersion = 10.0.40219.1
Project("{FAE04EC0-301F-11D3-BF4B-00C04F79EFBC}") = "MoveChipsUsingParity", "MoveChipsUsingParity.csproj", "{6A80D50E-7631-418A-A0B3-7F3F0496815B}"
EndProject
Global
	GlobalSection(SolutionConfigurationPlatforms) = preSolution
		Debug|Any CPU = Debug|Any CPU
		Release|Any CPU = Release|Any CPU
	EndGlobalSection
	GlobalSection(ProjectConfigurationPlatforms) = postSolution
		{6A80D50E-7631-418A-A0B3-7F3F0496815B}.Debug|Any CPU.ActiveCfg = Debug|Any CPU
		{6A80D50E-7631-418A-A0B3-7F3F0496815B}.Debug|Any CPU.Build.0 = Debug|Any CPU
		{6A80D50E-7631-418A-A0B3-7F3F0496815B}.Release|Any CPU.ActiveCfg = Release|Any CPU
		{6A80D50E-7631-418A-A0B3-7F3F0496815B}.Release|Any CPU.Build.0 = Release|Any CPU
	EndGlobalSection
	GlobalSection(SolutionProperties) = preSolution
		HideSolutionNode = FALSE
	EndGlobalSection
	GlobalSection(ExtensibilityGlobals) = postSolution
		SolutionGuid = {85953560-1469-408C-9D17-E9F2D57CFD93}
	EndGlobalSection
EndGlobal
