
Microsoft Visual Studio Solution File, Format Version 12.00
# Visual Studio Version 16
VisualStudioVersion = 16.0.30204.135
MinimumVisualStudioVersion = 10.0.40219.1
Project("{FAE04EC0-301F-11D3-BF4B-00C04F79EFBC}") = "MostBalancedPartition", "MostBalancedPartition.csproj", "{8FEE113D-D9AD-4DD1-8F0E-8282E34B939A}"
EndProject
Global
	GlobalSection(SolutionConfigurationPlatforms) = preSolution
		Debug|Any CPU = Debug|Any CPU
		Release|Any CPU = Release|Any CPU
	EndGlobalSection
	GlobalSection(ProjectConfigurationPlatforms) = postSolution
		{8FEE113D-D9AD-4DD1-8F0E-8282E34B939A}.Debug|Any CPU.ActiveCfg = Debug|Any CPU
		{8FEE113D-D9AD-4DD1-8F0E-8282E34B939A}.Debug|Any CPU.Build.0 = Debug|Any CPU
		{8FEE113D-D9AD-4DD1-8F0E-8282E34B939A}.Release|Any CPU.ActiveCfg = Release|Any CPU
		{8FEE113D-D9AD-4DD1-8F0E-8282E34B939A}.Release|Any CPU.Build.0 = Release|Any CPU
	EndGlobalSection
	GlobalSection(SolutionProperties) = preSolution
		HideSolutionNode = FALSE
	EndGlobalSection
	GlobalSection(ExtensibilityGlobals) = postSolution
		SolutionGuid = {FE5044DB-7037-4D4F-A409-9061D07DD41A}
	EndGlobalSection
EndGlobal
