
Microsoft Visual Studio Solution File, Format Version 12.00
# Visual Studio Version 16
VisualStudioVersion = 16.0.30413.136
MinimumVisualStudioVersion = 10.0.40219.1
Project("{FAE04EC0-301F-11D3-BF4B-00C04F79EFBC}") = "FootballMatches", "FootballMatches.csproj", "{949E351C-B6C7-4BE8-82AE-40A531DF81D9}"
EndProject
Global
	GlobalSection(SolutionConfigurationPlatforms) = preSolution
		Debug|Any CPU = Debug|Any CPU
		Release|Any CPU = Release|Any CPU
	EndGlobalSection
	GlobalSection(ProjectConfigurationPlatforms) = postSolution
		{949E351C-B6C7-4BE8-82AE-40A531DF81D9}.Debug|Any CPU.ActiveCfg = Debug|Any CPU
		{949E351C-B6C7-4BE8-82AE-40A531DF81D9}.Debug|Any CPU.Build.0 = Debug|Any CPU
		{949E351C-B6C7-4BE8-82AE-40A531DF81D9}.Release|Any CPU.ActiveCfg = Release|Any CPU
		{949E351C-B6C7-4BE8-82AE-40A531DF81D9}.Release|Any CPU.Build.0 = Release|Any CPU
	EndGlobalSection
	GlobalSection(SolutionProperties) = preSolution
		HideSolutionNode = FALSE
	EndGlobalSection
	GlobalSection(ExtensibilityGlobals) = postSolution
		SolutionGuid = {48C59E90-069A-41CC-985F-FE15F22294ED}
	EndGlobalSection
EndGlobal
