
Microsoft Visual Studio Solution File, Format Version 12.00
# Visual Studio Version 16
VisualStudioVersion = 16.0.30413.136
MinimumVisualStudioVersion = 10.0.40219.1
Project("{FAE04EC0-301F-11D3-BF4B-00C04F79EFBC}") = "BinarySearchTreeHeight", "BinarySearchTreeHeight.csproj", "{1F62F6D2-DE68-4D61-A55A-3E6B43A93186}"
EndProject
Global
	GlobalSection(SolutionConfigurationPlatforms) = preSolution
		Debug|Any CPU = Debug|Any CPU
		Release|Any CPU = Release|Any CPU
	EndGlobalSection
	GlobalSection(ProjectConfigurationPlatforms) = postSolution
		{1F62F6D2-DE68-4D61-A55A-3E6B43A93186}.Debug|Any CPU.ActiveCfg = Debug|Any CPU
		{1F62F6D2-DE68-4D61-A55A-3E6B43A93186}.Debug|Any CPU.Build.0 = Debug|Any CPU
		{1F62F6D2-DE68-4D61-A55A-3E6B43A93186}.Release|Any CPU.ActiveCfg = Release|Any CPU
		{1F62F6D2-DE68-4D61-A55A-3E6B43A93186}.Release|Any CPU.Build.0 = Release|Any CPU
	EndGlobalSection
	GlobalSection(SolutionProperties) = preSolution
		HideSolutionNode = FALSE
	EndGlobalSection
	GlobalSection(ExtensibilityGlobals) = postSolution
		SolutionGuid = {84E098A0-30D5-484F-ACCB-69164BA389B7}
	EndGlobalSection
EndGlobal
