
Microsoft Visual Studio Solution File, Format Version 12.00
# Visual Studio Version 16
VisualStudioVersion = 16.0.30413.136
MinimumVisualStudioVersion = 10.0.40219.1
Project("{FAE04EC0-301F-11D3-BF4B-00C04F79EFBC}") = "BetweenTwoSets", "BetweenTwoSets.csproj", "{2F235C58-CA9C-4969-B8C5-AC023977CB5E}"
EndProject
Global
	GlobalSection(SolutionConfigurationPlatforms) = preSolution
		Debug|Any CPU = Debug|Any CPU
		Release|Any CPU = Release|Any CPU
	EndGlobalSection
	GlobalSection(ProjectConfigurationPlatforms) = postSolution
		{2F235C58-CA9C-4969-B8C5-AC023977CB5E}.Debug|Any CPU.ActiveCfg = Debug|Any CPU
		{2F235C58-CA9C-4969-B8C5-AC023977CB5E}.Debug|Any CPU.Build.0 = Debug|Any CPU
		{2F235C58-CA9C-4969-B8C5-AC023977CB5E}.Release|Any CPU.ActiveCfg = Release|Any CPU
		{2F235C58-CA9C-4969-B8C5-AC023977CB5E}.Release|Any CPU.Build.0 = Release|Any CPU
	EndGlobalSection
	GlobalSection(SolutionProperties) = preSolution
		HideSolutionNode = FALSE
	EndGlobalSection
	GlobalSection(ExtensibilityGlobals) = postSolution
		SolutionGuid = {3068C54E-A64E-451D-B572-8EC53E2661BD}
	EndGlobalSection
EndGlobal
