Microsoft Visual Studio Solution File, Format Version 12.00
# Visual Studio Version 17
VisualStudioVersion = 17.5.2.0
MinimumVisualStudioVersion = 10.0.40219.1
Project("{FAE04EC0-301F-11D3-BF4B-00C04F79EFBC}") = "ReverseStringPrefix", "ReverseStringPrefix.csproj", "{340466E9-229E-3F54-6751-719B6C34B467}"
EndProject
Global
	GlobalSection(SolutionConfigurationPlatforms) = preSolution
		Debug|Any CPU = Debug|Any CPU
		Release|Any CPU = Release|Any CPU
	EndGlobalSection
	GlobalSection(ProjectConfigurationPlatforms) = postSolution
		{340466E9-229E-3F54-6751-719B6C34B467}.Debug|Any CPU.ActiveCfg = Debug|Any CPU
		{340466E9-229E-3F54-6751-719B6C34B467}.Debug|Any CPU.Build.0 = Debug|Any CPU
		{340466E9-229E-3F54-6751-719B6C34B467}.Release|Any CPU.ActiveCfg = Release|Any CPU
		{340466E9-229E-3F54-6751-719B6C34B467}.Release|Any CPU.Build.0 = Release|Any CPU
	EndGlobalSection
	GlobalSection(SolutionProperties) = preSolution
		HideSolutionNode = FALSE
	EndGlobalSection
	GlobalSection(ExtensibilityGlobals) = postSolution
		SolutionGuid = {A7735F47-F504-44DD-9233-9A3CEEAB753B}
	EndGlobalSection
EndGlobal
