
Microsoft Visual Studio Solution File, Format Version 12.00
# Visual Studio Version 16
VisualStudioVersion = 16.0.30413.136
MinimumVisualStudioVersion = 10.0.40219.1
Project("{FAE04EC0-301F-11D3-BF4B-00C04F79EFBC}") = "MaximumInGeneratedArray", "MaximumInGeneratedArray.csproj", "{1602D215-D244-4014-9E7D-B83D55968D67}"
EndProject
Global
	GlobalSection(SolutionConfigurationPlatforms) = preSolution
		Debug|Any CPU = Debug|Any CPU
		Release|Any CPU = Release|Any CPU
	EndGlobalSection
	GlobalSection(ProjectConfigurationPlatforms) = postSolution
		{1602D215-D244-4014-9E7D-B83D55968D67}.Debug|Any CPU.ActiveCfg = Debug|Any CPU
		{1602D215-D244-4014-9E7D-B83D55968D67}.Debug|Any CPU.Build.0 = Debug|Any CPU
		{1602D215-D244-4014-9E7D-B83D55968D67}.Release|Any CPU.ActiveCfg = Release|Any CPU
		{1602D215-D244-4014-9E7D-B83D55968D67}.Release|Any CPU.Build.0 = Release|Any CPU
	EndGlobalSection
	GlobalSection(SolutionProperties) = preSolution
		HideSolutionNode = FALSE
	EndGlobalSection
	GlobalSection(ExtensibilityGlobals) = postSolution
		SolutionGuid = {CAC6C591-EEDD-431C-86BC-265840FC1FE2}
	EndGlobalSection
EndGlobal
