
Microsoft Visual Studio Solution File, Format Version 12.00
# Visual Studio Version 16
VisualStudioVersion = 16.0.30413.136
MinimumVisualStudioVersion = 10.0.40219.1
Project("{FAE04EC0-301F-11D3-BF4B-00C04F79EFBC}") = "SlowestKey", "SlowestKey.csproj", "{072F7003-C3F6-4B2A-97A0-AB59777E26FF}"
EndProject
Global
	GlobalSection(SolutionConfigurationPlatforms) = preSolution
		Debug|Any CPU = Debug|Any CPU
		Release|Any CPU = Release|Any CPU
	EndGlobalSection
	GlobalSection(ProjectConfigurationPlatforms) = postSolution
		{072F7003-C3F6-4B2A-97A0-AB59777E26FF}.Debug|Any CPU.ActiveCfg = Debug|Any CPU
		{072F7003-C3F6-4B2A-97A0-AB59777E26FF}.Debug|Any CPU.Build.0 = Debug|Any CPU
		{072F7003-C3F6-4B2A-97A0-AB59777E26FF}.Release|Any CPU.ActiveCfg = Release|Any CPU
		{072F7003-C3F6-4B2A-97A0-AB59777E26FF}.Release|Any CPU.Build.0 = Release|Any CPU
	EndGlobalSection
	GlobalSection(SolutionProperties) = preSolution
		HideSolutionNode = FALSE
	EndGlobalSection
	GlobalSection(ExtensibilityGlobals) = postSolution
		SolutionGuid = {DDA817D3-771A-4CA2-8BFD-16452D140E61}
	EndGlobalSection
EndGlobal
