
Microsoft Visual Studio Solution File, Format Version 12.00
# Visual Studio Version 16
VisualStudioVersion = 16.0.30413.136
MinimumVisualStudioVersion = 10.0.40219.1
Project("{FAE04EC0-301F-11D3-BF4B-00C04F79EFBC}") = "ArithmeticSubarrays", "ArithmeticSubarrays.csproj", "{5D11362B-FDB4-4268-8776-7DC790659862}"
EndProject
Global
	GlobalSection(SolutionConfigurationPlatforms) = preSolution
		Debug|Any CPU = Debug|Any CPU
		Release|Any CPU = Release|Any CPU
	EndGlobalSection
	GlobalSection(ProjectConfigurationPlatforms) = postSolution
		{5D11362B-FDB4-4268-8776-7DC790659862}.Debug|Any CPU.ActiveCfg = Debug|Any CPU
		{5D11362B-FDB4-4268-8776-7DC790659862}.Debug|Any CPU.Build.0 = Debug|Any CPU
		{5D11362B-FDB4-4268-8776-7DC790659862}.Release|Any CPU.ActiveCfg = Release|Any CPU
		{5D11362B-FDB4-4268-8776-7DC790659862}.Release|Any CPU.Build.0 = Release|Any CPU
	EndGlobalSection
	GlobalSection(SolutionProperties) = preSolution
		HideSolutionNode = FALSE
	EndGlobalSection
	GlobalSection(ExtensibilityGlobals) = postSolution
		SolutionGuid = {3D13556C-ED39-4048-ACF6-257F6FBB2130}
	EndGlobalSection
EndGlobal
