Microsoft Visual Studio Solution File, Format Version 12.00
# Visual Studio Version 17
VisualStudioVersion = 17.5.2.0
MinimumVisualStudioVersion = 10.0.40219.1
Project("{FAE04EC0-301F-11D3-BF4B-00C04F79EFBC}") = "CountSubarraysForCost", "CountSubarraysForCost.csproj", "{BB8D8CFC-451F-BA6B-EF23-B62AD01C33EC}"
EndProject
Global
	GlobalSection(SolutionConfigurationPlatforms) = preSolution
		Debug|Any CPU = Debug|Any CPU
		Release|Any CPU = Release|Any CPU
	EndGlobalSection
	GlobalSection(ProjectConfigurationPlatforms) = postSolution
		{BB8D8CFC-451F-BA6B-EF23-B62AD01C33EC}.Debug|Any CPU.ActiveCfg = Debug|Any CPU
		{BB8D8CFC-451F-BA6B-EF23-B62AD01C33EC}.Debug|Any CPU.Build.0 = Debug|Any CPU
		{BB8D8CFC-451F-BA6B-EF23-B62AD01C33EC}.Release|Any CPU.ActiveCfg = Release|Any CPU
		{BB8D8CFC-451F-BA6B-EF23-B62AD01C33EC}.Release|Any CPU.Build.0 = Release|Any CPU
	EndGlobalSection
	GlobalSection(SolutionProperties) = preSolution
		HideSolutionNode = FALSE
	EndGlobalSection
	GlobalSection(ExtensibilityGlobals) = postSolution
		SolutionGuid = {9AF74EE0-E12F-4B96-BEE3-782D4A51ED14}
	EndGlobalSection
EndGlobal
