
Microsoft Visual Studio Solution File, Format Version 12.00
# Visual Studio Version 16
VisualStudioVersion = 16.0.30611.23
MinimumVisualStudioVersion = 10.0.40219.1
Project("{FAE04EC0-301F-11D3-BF4B-00C04F79EFBC}") = "LinkedListRemoveDuplicates", "LinkedListRemoveDuplicates.csproj", "{D6157398-D11A-4971-92C5-FD5F1CF37007}"
EndProject
Global
	GlobalSection(SolutionConfigurationPlatforms) = preSolution
		Debug|Any CPU = Debug|Any CPU
		Release|Any CPU = Release|Any CPU
	EndGlobalSection
	GlobalSection(ProjectConfigurationPlatforms) = postSolution
		{D6157398-D11A-4971-92C5-FD5F1CF37007}.Debug|Any CPU.ActiveCfg = Debug|Any CPU
		{D6157398-D11A-4971-92C5-FD5F1CF37007}.Debug|Any CPU.Build.0 = Debug|Any CPU
		{D6157398-D11A-4971-92C5-FD5F1CF37007}.Release|Any CPU.ActiveCfg = Release|Any CPU
		{D6157398-D11A-4971-92C5-FD5F1CF37007}.Release|Any CPU.Build.0 = Release|Any CPU
	EndGlobalSection
	GlobalSection(SolutionProperties) = preSolution
		HideSolutionNode = FALSE
	EndGlobalSection
	GlobalSection(ExtensibilityGlobals) = postSolution
		SolutionGuid = {EFABFA34-8CBD-40FE-882C-9C7B628D782C}
	EndGlobalSection
EndGlobal
