
Microsoft Visual Studio Solution File, Format Version 12.00
# Visual Studio Version 16
VisualStudioVersion = 16.0.30413.136
MinimumVisualStudioVersion = 10.0.40219.1
Project("{FAE04EC0-301F-11D3-BF4B-00C04F79EFBC}") = "RotateArray", "RotateArray.csproj", "{54CC3712-9058-47DA-90DC-D631F4996858}"
EndProject
Global
	GlobalSection(SolutionConfigurationPlatforms) = preSolution
		Debug|Any CPU = Debug|Any CPU
		Release|Any CPU = Release|Any CPU
	EndGlobalSection
	GlobalSection(ProjectConfigurationPlatforms) = postSolution
		{54CC3712-9058-47DA-90DC-D631F4996858}.Debug|Any CPU.ActiveCfg = Debug|Any CPU
		{54CC3712-9058-47DA-90DC-D631F4996858}.Debug|Any CPU.Build.0 = Debug|Any CPU
		{54CC3712-9058-47DA-90DC-D631F4996858}.Release|Any CPU.ActiveCfg = Release|Any CPU
		{54CC3712-9058-47DA-90DC-D631F4996858}.Release|Any CPU.Build.0 = Release|Any CPU
	EndGlobalSection
	GlobalSection(SolutionProperties) = preSolution
		HideSolutionNode = FALSE
	EndGlobalSection
	GlobalSection(ExtensibilityGlobals) = postSolution
		SolutionGuid = {9C14A9F1-5833-488A-8D94-5A79425CA1D1}
	EndGlobalSection
EndGlobal
