
Microsoft Visual Studio Solution File, Format Version 12.00
# Visual Studio Version 16
VisualStudioVersion = 16.0.30621.155
MinimumVisualStudioVersion = 10.0.40219.1
Project("{FAE04EC0-301F-11D3-BF4B-00C04F79EFBC}") = "WidestVerticalAreaBetweenTwoPointsContainingNoPoints", "WidestVerticalAreaBetweenTwoPointsContainingNoPoints.csproj", "{BCD51C3B-B11D-4C56-9CAA-97882870D38B}"
EndProject
Global
	GlobalSection(SolutionConfigurationPlatforms) = preSolution
		Debug|Any CPU = Debug|Any CPU
		Release|Any CPU = Release|Any CPU
	EndGlobalSection
	GlobalSection(ProjectConfigurationPlatforms) = postSolution
		{BCD51C3B-B11D-4C56-9CAA-97882870D38B}.Debug|Any CPU.ActiveCfg = Debug|Any CPU
		{BCD51C3B-B11D-4C56-9CAA-97882870D38B}.Debug|Any CPU.Build.0 = Debug|Any CPU
		{BCD51C3B-B11D-4C56-9CAA-97882870D38B}.Release|Any CPU.ActiveCfg = Release|Any CPU
		{BCD51C3B-B11D-4C56-9CAA-97882870D38B}.Release|Any CPU.Build.0 = Release|Any CPU
	EndGlobalSection
	GlobalSection(SolutionProperties) = preSolution
		HideSolutionNode = FALSE
	EndGlobalSection
	GlobalSection(ExtensibilityGlobals) = postSolution
		SolutionGuid = {E11089C9-81A1-4218-AF4D-8282DA98A8EA}
	EndGlobalSection
EndGlobal
