Microsoft Visual Studio Solution File, Format Version 12.00
# Visual Studio Version 17
VisualStudioVersion = 17.5.2.0
MinimumVisualStudioVersion = 10.0.40219.1
Project("{FAE04EC0-301F-11D3-BF4B-00C04F79EFBC}") = "VowelConsonantScore", "VowelConsonantScore.csproj", "{F3780EF7-7319-6AE7-F9CB-EE54C284FCAB}"
EndProject
Global
	GlobalSection(SolutionConfigurationPlatforms) = preSolution
		Debug|Any CPU = Debug|Any CPU
		Release|Any CPU = Release|Any CPU
	EndGlobalSection
	GlobalSection(ProjectConfigurationPlatforms) = postSolution
		{F3780EF7-7319-6AE7-F9CB-EE54C284FCAB}.Debug|Any CPU.ActiveCfg = Debug|Any CPU
		{F3780EF7-7319-6AE7-F9CB-EE54C284FCAB}.Debug|Any CPU.Build.0 = Debug|Any CPU
		{F3780EF7-7319-6AE7-F9CB-EE54C284FCAB}.Release|Any CPU.ActiveCfg = Release|Any CPU
		{F3780EF7-7319-6AE7-F9CB-EE54C284FCAB}.Release|Any CPU.Build.0 = Release|Any CPU
	EndGlobalSection
	GlobalSection(SolutionProperties) = preSolution
		HideSolutionNode = FALSE
	EndGlobalSection
	GlobalSection(ExtensibilityGlobals) = postSolution
		SolutionGuid = {623F9C64-C7D9-41BA-A00F-3FFAFA3EFB3A}
	EndGlobalSection
EndGlobal
