
Microsoft Visual Studio Solution File, Format Version 12.00
# Visual Studio Version 16
VisualStudioVersion = 16.0.30413.136
MinimumVisualStudioVersion = 10.0.40219.1
Project("{FAE04EC0-301F-11D3-BF4B-00C04F79EFBC}") = "BinaryTreeTilt", "BinaryTreeTilt.csproj", "{0191A81A-BC4A-4EC5-8A5C-9D51A52DB649}"
EndProject
Global
	GlobalSection(SolutionConfigurationPlatforms) = preSolution
		Debug|Any CPU = Debug|Any CPU
		Release|Any CPU = Release|Any CPU
	EndGlobalSection
	GlobalSection(ProjectConfigurationPlatforms) = postSolution
		{0191A81A-BC4A-4EC5-8A5C-9D51A52DB649}.Debug|Any CPU.ActiveCfg = Debug|Any CPU
		{0191A81A-BC4A-4EC5-8A5C-9D51A52DB649}.Debug|Any CPU.Build.0 = Debug|Any CPU
		{0191A81A-BC4A-4EC5-8A5C-9D51A52DB649}.Release|Any CPU.ActiveCfg = Release|Any CPU
		{0191A81A-BC4A-4EC5-8A5C-9D51A52DB649}.Release|Any CPU.Build.0 = Release|Any CPU
	EndGlobalSection
	GlobalSection(SolutionProperties) = preSolution
		HideSolutionNode = FALSE
	EndGlobalSection
	GlobalSection(ExtensibilityGlobals) = postSolution
		SolutionGuid = {50706532-EAA6-44A4-BAD7-AE542985C604}
	EndGlobalSection
EndGlobal
