
Microsoft Visual Studio Solution File, Format Version 12.00
# Visual Studio Version 16
VisualStudioVersion = 16.0.30804.86
MinimumVisualStudioVersion = 10.0.40219.1
Project("{FAE04EC0-301F-11D3-BF4B-00C04F79EFBC}") = "MinimumPeopleToTeach", "MinimumPeopleToTeach.csproj", "{96FA4C6C-E6EA-4801-AFB2-0A26ADD17394}"
EndProject
Global
	GlobalSection(SolutionConfigurationPlatforms) = preSolution
		Debug|Any CPU = Debug|Any CPU
		Release|Any CPU = Release|Any CPU
	EndGlobalSection
	GlobalSection(ProjectConfigurationPlatforms) = postSolution
		{96FA4C6C-E6EA-4801-AFB2-0A26ADD17394}.Debug|Any CPU.ActiveCfg = Debug|Any CPU
		{96FA4C6C-E6EA-4801-AFB2-0A26ADD17394}.Debug|Any CPU.Build.0 = Debug|Any CPU
		{96FA4C6C-E6EA-4801-AFB2-0A26ADD17394}.Release|Any CPU.ActiveCfg = Release|Any CPU
		{96FA4C6C-E6EA-4801-AFB2-0A26ADD17394}.Release|Any CPU.Build.0 = Release|Any CPU
	EndGlobalSection
	GlobalSection(SolutionProperties) = preSolution
		HideSolutionNode = FALSE
	EndGlobalSection
	GlobalSection(ExtensibilityGlobals) = postSolution
		SolutionGuid = {2C308BA3-411C-496F-A2C2-44F35F979B44}
	EndGlobalSection
EndGlobal
