
Microsoft Visual Studio Solution File, Format Version 12.00
# Visual Studio Version 16
VisualStudioVersion = 16.0.30413.136
MinimumVisualStudioVersion = 10.0.40219.1
Project("{FAE04EC0-301F-11D3-BF4B-00C04F79EFBC}") = "AsteroidsCollisionCheck", "AsteroidsCollisionCheck.csproj", "{3D6A3E18-1D1C-47DE-9D87-B0B215B1F135}"
EndProject
Global
	GlobalSection(SolutionConfigurationPlatforms) = preSolution
		Debug|Any CPU = Debug|Any CPU
		Release|Any CPU = Release|Any CPU
	EndGlobalSection
	GlobalSection(ProjectConfigurationPlatforms) = postSolution
		{3D6A3E18-1D1C-47DE-9D87-B0B215B1F135}.Debug|Any CPU.ActiveCfg = Debug|Any CPU
		{3D6A3E18-1D1C-47DE-9D87-B0B215B1F135}.Debug|Any CPU.Build.0 = Debug|Any CPU
		{3D6A3E18-1D1C-47DE-9D87-B0B215B1F135}.Release|Any CPU.ActiveCfg = Release|Any CPU
		{3D6A3E18-1D1C-47DE-9D87-B0B215B1F135}.Release|Any CPU.Build.0 = Release|Any CPU
	EndGlobalSection
	GlobalSection(SolutionProperties) = preSolution
		HideSolutionNode = FALSE
	EndGlobalSection
	GlobalSection(ExtensibilityGlobals) = postSolution
		SolutionGuid = {2CE57246-6F37-4660-9BCD-340480BFDCC4}
	EndGlobalSection
EndGlobal
